
Microsoft Visual Studio Solution File, Format Version 12.00
# Visual Studio Version 16
VisualStudioVersion = 16.0.32228.343
MinimumVisualStudioVersion = 10.0.40219.1
Project("{FAE04EC0-301F-11D3-BF4B-00C04F79EFBC}") = "MovieManagementMVC", "MovieManagementMVC.csproj", "{BBC55B9C-E763-4A1D-9924-934EE2A441A3}"
EndProject
Global
	GlobalSection(SolutionConfigurationPlatforms) = preSolution
		Debug|Any CPU = Debug|Any CPU
		Release|Any CPU = Release|Any CPU
	EndGlobalSection
	GlobalSection(ProjectConfigurationPlatforms) = postSolution
		{BBC55B9C-E763-4A1D-9924-934EE2A441A3}.Debug|Any CPU.ActiveCfg = Debug|Any CPU
		{BBC55B9C-E763-4A1D-9924-934EE2A441A3}.Debug|Any CPU.Build.0 = Debug|Any CPU
		{BBC55B9C-E763-4A1D-9924-934EE2A441A3}.Release|Any CPU.ActiveCfg = Release|Any CPU
		{BBC55B9C-E763-4A1D-9924-934EE2A441A3}.Release|Any CPU.Build.0 = Release|Any CPU
	EndGlobalSection
	GlobalSection(SolutionProperties) = preSolution
		HideSolutionNode = FALSE
	EndGlobalSection
	GlobalSection(ExtensibilityGlobals) = postSolution
		SolutionGuid = {960D4799-4D43-4BF4-BE4B-19E5B74F31D2}
	EndGlobalSection
EndGlobal
